
Microsoft Visual Studio Solution File, Format Version 12.00
# Visual Studio Version 17
VisualStudioVersion = 17.7.34003.232
MinimumVisualStudioVersion = 10.0.40219.1
Project("{FAE04EC0-301F-11D3-BF4B-00C04F79EFBC}") = "VirtuTestTask2", "VirtuTestTask2\VirtuTestTask2.csproj", "{BCE14247-E1F3-4375-B0D1-C97E2E21C19E}"
EndProject
Global
	GlobalSection(SolutionConfigurationPlatforms) = preSolution
		Debug|Any CPU = Debug|Any CPU
		Release|Any CPU = Release|Any CPU
	EndGlobalSection
	GlobalSection(ProjectConfigurationPlatforms) = postSolution
		{BCE14247-E1F3-4375-B0D1-C97E2E21C19E}.Debug|Any CPU.ActiveCfg = Debug|Any CPU
		{BCE14247-E1F3-4375-B0D1-C97E2E21C19E}.Debug|Any CPU.Build.0 = Debug|Any CPU
		{BCE14247-E1F3-4375-B0D1-C97E2E21C19E}.Release|Any CPU.ActiveCfg = Release|Any CPU
		{BCE14247-E1F3-4375-B0D1-C97E2E21C19E}.Release|Any CPU.Build.0 = Release|Any CPU
	EndGlobalSection
	GlobalSection(SolutionProperties) = preSolution
		HideSolutionNode = FALSE
	EndGlobalSection
	GlobalSection(ExtensibilityGlobals) = postSolution
		SolutionGuid = {B9896378-E8BB-42C8-B82A-76F7301A50EF}
	EndGlobalSection
EndGlobal
